
Microsoft Visual Studio Solution File, Format Version 12.00
# Visual Studio 15
VisualStudioVersion = 15.0.26124.0
MinimumVisualStudioVersion = 15.0.26124.0
Project("{2150E333-8FDC-42A3-9474-1A3956D46DE8}") = "1_API", "1_API", "{AFA25251-8E51-4D2F-B2C7-EBD60219705A}"
EndProject
Project("{FAE04EC0-301F-11D3-BF4B-00C04F79EFBC}") = "Demo.WebApi", "1_API\Demo.WebApi\Demo.WebApi.csproj", "{FFC3EEFD-146A-489C-B1D1-DC9480E35E84}"
EndProject
Project("{2150E333-8FDC-42A3-9474-1A3956D46DE8}") = "2_DOMAIN", "2_DOMAIN", "{8BB1F3BC-C29A-4B8D-BA38-3401EA39D670}"
EndProject
Project("{FAE04EC0-301F-11D3-BF4B-00C04F79EFBC}") = "Demo.Domain", "2_DOMAIN\Demo.Domain\Demo.Domain.csproj", "{75CD3A15-635C-4CF4-AABE-B0B336B39AD8}"
EndProject
Project("{2150E333-8FDC-42A3-9474-1A3956D46DE8}") = "4_SHARED", "4_SHARED", "{AE291534-C44B-4A8E-AE8C-34B695F2852B}"
EndProject
Project("{FAE04EC0-301F-11D3-BF4B-00C04F79EFBC}") = "Demo.Shared", "4_SHARED\Demo.Shared\Demo.Shared.csproj", "{51514703-559E-4DCA-AA7D-77DBD87F9F63}"
EndProject
Project("{2150E333-8FDC-42A3-9474-1A3956D46DE8}") = "5_TEST", "5_TEST", "{0037A1A4-0299-4174-9C50-F6189C97CC74}"
EndProject
Project("{FAE04EC0-301F-11D3-BF4B-00C04F79EFBC}") = "Demo.Test", "5_TEST\Demo.Test\Demo.Test.csproj", "{D4EC3651-DA75-4C15-B3D5-DD447E15E508}"
EndProject
Global
	GlobalSection(SolutionConfigurationPlatforms) = preSolution
		Debug|Any CPU = Debug|Any CPU
		Debug|x64 = Debug|x64
		Debug|x86 = Debug|x86
		Release|Any CPU = Release|Any CPU
		Release|x64 = Release|x64
		Release|x86 = Release|x86
	EndGlobalSection
	GlobalSection(SolutionProperties) = preSolution
		HideSolutionNode = FALSE
	EndGlobalSection
	GlobalSection(ProjectConfigurationPlatforms) = postSolution
		{FFC3EEFD-146A-489C-B1D1-DC9480E35E84}.Debug|Any CPU.ActiveCfg = Debug|Any CPU
		{FFC3EEFD-146A-489C-B1D1-DC9480E35E84}.Debug|Any CPU.Build.0 = Debug|Any CPU
		{FFC3EEFD-146A-489C-B1D1-DC9480E35E84}.Debug|x64.ActiveCfg = Debug|Any CPU
		{FFC3EEFD-146A-489C-B1D1-DC9480E35E84}.Debug|x64.Build.0 = Debug|Any CPU
		{FFC3EEFD-146A-489C-B1D1-DC9480E35E84}.Debug|x86.ActiveCfg = Debug|Any CPU
		{FFC3EEFD-146A-489C-B1D1-DC9480E35E84}.Debug|x86.Build.0 = Debug|Any CPU
		{FFC3EEFD-146A-489C-B1D1-DC9480E35E84}.Release|Any CPU.ActiveCfg = Release|Any CPU
		{FFC3EEFD-146A-489C-B1D1-DC9480E35E84}.Release|Any CPU.Build.0 = Release|Any CPU
		{FFC3EEFD-146A-489C-B1D1-DC9480E35E84}.Release|x64.ActiveCfg = Release|Any CPU
		{FFC3EEFD-146A-489C-B1D1-DC9480E35E84}.Release|x64.Build.0 = Release|Any CPU
		{FFC3EEFD-146A-489C-B1D1-DC9480E35E84}.Release|x86.ActiveCfg = Release|Any CPU
		{FFC3EEFD-146A-489C-B1D1-DC9480E35E84}.Release|x86.Build.0 = Release|Any CPU
		{75CD3A15-635C-4CF4-AABE-B0B336B39AD8}.Debug|Any CPU.ActiveCfg = Debug|Any CPU
		{75CD3A15-635C-4CF4-AABE-B0B336B39AD8}.Debug|Any CPU.Build.0 = Debug|Any CPU
		{75CD3A15-635C-4CF4-AABE-B0B336B39AD8}.Debug|x64.ActiveCfg = Debug|Any CPU
		{75CD3A15-635C-4CF4-AABE-B0B336B39AD8}.Debug|x64.Build.0 = Debug|Any CPU
		{75CD3A15-635C-4CF4-AABE-B0B336B39AD8}.Debug|x86.ActiveCfg = Debug|Any CPU
		{75CD3A15-635C-4CF4-AABE-B0B336B39AD8}.Debug|x86.Build.0 = Debug|Any CPU
		{75CD3A15-635C-4CF4-AABE-B0B336B39AD8}.Release|Any CPU.ActiveCfg = Release|Any CPU
		{75CD3A15-635C-4CF4-AABE-B0B336B39AD8}.Release|Any CPU.Build.0 = Release|Any CPU
		{75CD3A15-635C-4CF4-AABE-B0B336B39AD8}.Release|x64.ActiveCfg = Release|Any CPU
		{75CD3A15-635C-4CF4-AABE-B0B336B39AD8}.Release|x64.Build.0 = Release|Any CPU
		{75CD3A15-635C-4CF4-AABE-B0B336B39AD8}.Release|x86.ActiveCfg = Release|Any CPU
		{75CD3A15-635C-4CF4-AABE-B0B336B39AD8}.Release|x86.Build.0 = Release|Any CPU
		{51514703-559E-4DCA-AA7D-77DBD87F9F63}.Debug|Any CPU.ActiveCfg = Debug|Any CPU
		{51514703-559E-4DCA-AA7D-77DBD87F9F63}.Debug|Any CPU.Build.0 = Debug|Any CPU
		{51514703-559E-4DCA-AA7D-77DBD87F9F63}.Debug|x64.ActiveCfg = Debug|Any CPU
		{51514703-559E-4DCA-AA7D-77DBD87F9F63}.Debug|x64.Build.0 = Debug|Any CPU
		{51514703-559E-4DCA-AA7D-77DBD87F9F63}.Debug|x86.ActiveCfg = Debug|Any CPU
		{51514703-559E-4DCA-AA7D-77DBD87F9F63}.Debug|x86.Build.0 = Debug|Any CPU
		{51514703-559E-4DCA-AA7D-77DBD87F9F63}.Release|Any CPU.ActiveCfg = Release|Any CPU
		{51514703-559E-4DCA-AA7D-77DBD87F9F63}.Release|Any CPU.Build.0 = Release|Any CPU
		{51514703-559E-4DCA-AA7D-77DBD87F9F63}.Release|x64.ActiveCfg = Release|Any CPU
		{51514703-559E-4DCA-AA7D-77DBD87F9F63}.Release|x64.Build.0 = Release|Any CPU
		{51514703-559E-4DCA-AA7D-77DBD87F9F63}.Release|x86.ActiveCfg = Release|Any CPU
		{51514703-559E-4DCA-AA7D-77DBD87F9F63}.Release|x86.Build.0 = Release|Any CPU
		{D4EC3651-DA75-4C15-B3D5-DD447E15E508}.Debug|Any CPU.ActiveCfg = Debug|Any CPU
		{D4EC3651-DA75-4C15-B3D5-DD447E15E508}.Debug|Any CPU.Build.0 = Debug|Any CPU
		{D4EC3651-DA75-4C15-B3D5-DD447E15E508}.Debug|x64.ActiveCfg = Debug|Any CPU
		{D4EC3651-DA75-4C15-B3D5-DD447E15E508}.Debug|x64.Build.0 = Debug|Any CPU
		{D4EC3651-DA75-4C15-B3D5-DD447E15E508}.Debug|x86.ActiveCfg = Debug|Any CPU
		{D4EC3651-DA75-4C15-B3D5-DD447E15E508}.Debug|x86.Build.0 = Debug|Any CPU
		{D4EC3651-DA75-4C15-B3D5-DD447E15E508}.Release|Any CPU.ActiveCfg = Release|Any CPU
		{D4EC3651-DA75-4C15-B3D5-DD447E15E508}.Release|Any CPU.Build.0 = Release|Any CPU
		{D4EC3651-DA75-4C15-B3D5-DD447E15E508}.Release|x64.ActiveCfg = Release|Any CPU
		{D4EC3651-DA75-4C15-B3D5-DD447E15E508}.Release|x64.Build.0 = Release|Any CPU
		{D4EC3651-DA75-4C15-B3D5-DD447E15E508}.Release|x86.ActiveCfg = Release|Any CPU
		{D4EC3651-DA75-4C15-B3D5-DD447E15E508}.Release|x86.Build.0 = Release|Any CPU
	EndGlobalSection
	GlobalSection(NestedProjects) = preSolution
		{FFC3EEFD-146A-489C-B1D1-DC9480E35E84} = {AFA25251-8E51-4D2F-B2C7-EBD60219705A}
		{75CD3A15-635C-4CF4-AABE-B0B336B39AD8} = {8BB1F3BC-C29A-4B8D-BA38-3401EA39D670}
		{51514703-559E-4DCA-AA7D-77DBD87F9F63} = {AE291534-C44B-4A8E-AE8C-34B695F2852B}
		{D4EC3651-DA75-4C15-B3D5-DD447E15E508} = {0037A1A4-0299-4174-9C50-F6189C97CC74}
	EndGlobalSection
EndGlobal
